{
  "object": {
    "pins": [
      {
        "package": "Alamofire",
        "repositoryURL": "https://github.com/Alamofire/Alamofire",
        "state": {
          "branch": null,
          "revision": "f96b619bcb2383b43d898402283924b80e2c4bae",
          "version": "5.4.3"
        }
      },
      {
        "package": "Ampersand",
        "repositoryURL": "https://github.com/darjeelingsteve/Ampersand",
        "state": {
          "branch": null,
          "revision": "9498afe66ef14428c80647a4b1046c9aab97655a",
          "version": "1.1.0"
        }
      },
      {
        "package": "ATAConfiguration",
        "repositoryURL": "https://github.com/KAIMAN-iOS/ATAConfiguration",
        "state": {
          "branch": "master",
          "revision": "bee5d53f06f15f9a7c036bc7ed29e504eb230c35",
          "version": null
        }
      },
      {
        "package": "KExtensions",
        "repositoryURL": "https://github.com/KAIMAN-iOS/KExtensions",
        "state": {
          "branch": "master",
          "revision": "629b5a7cc44c0d37e0b96db01371cc87965f57c2",
          "version": null
        }
      },
      {
        "package": "KStorage",
        "repositoryURL": "https://github.com/KAIMAN-iOS/KStorage",
        "state": {
          "branch": null,
          "revision": "330de84d7b9601468a842c099c7627069ab92016",
          "version": "1.0.0"
        }
      },
      {
        "package": "NSAttributedStringBuilder",
        "repositoryURL": "https://github.com/ethanhuang13/NSAttributedStringBuilder",
        "state": {
          "branch": null,
          "revision": "18662b33975c9ec8c80a1bd9b4e30d09612ee7ee",
          "version": "0.4.1"
        }
      },
      {
        "package": "Nuke",
        "repositoryURL": "https://github.com/kean/Nuke",
        "state": {
          "branch": null,
          "revision": "7f73ceaeacd5df75a7994cd82e165ad9ff1815db",
          "version": "9.6.1"
        }
      },
      {
        "package": "PromiseKit",
        "repositoryURL": "https://github.com/mxcl/PromiseKit",
        "state": {
          "branch": null,
          "revision": "d2f7ba14bcdc45e18f4f60ad9df883fb9055f081",
          "version": "6.15.3"
        }
      },
      {
        "package": "SnapKit",
        "repositoryURL": "https://github.com/SnapKit/SnapKit",
        "state": {
          "branch": null,
          "revision": "d458564516e5676af9c70b4f4b2a9178294f1bc6",
          "version": "5.0.1"
        }
      }
    ]
  },
  "version": 1
}
